
Microsoft Visual Studio Solution File, Format Version 12.00
# Visual Studio Version 16
VisualStudioVersion = 16.0.31410.357
MinimumVisualStudioVersion = 10.0.40219.1
Project("{9A19103F-16F7-4668-BE54-9A1E7A4F7556}") = "InfuSync-BackendTest", "InfuSync-BackendTest\InfuSync-BackendTest.csproj", "{31AD6BFA-93B0-40C3-8CED-BD50DAEF4D2C}"
EndProject
Project("{9A19103F-16F7-4668-BE54-9A1E7A4F7556}") = "Core", "Core\Core.csproj", "{23437AF5-C4DA-43A5-839C-2C109806A750}"
EndProject
Project("{FAE04EC0-301F-11D3-BF4B-00C04F79EFBC}") = "Infrastructure", "Infrastructure\Infrastructure.csproj", "{7684D7FF-C539-4982-9591-362AB060ABE9}"
EndProject
Global
	GlobalSection(SolutionConfigurationPlatforms) = preSolution
		Debug|Any CPU = Debug|Any CPU
		Release|Any CPU = Release|Any CPU
	EndGlobalSection
	GlobalSection(ProjectConfigurationPlatforms) = postSolution
		{31AD6BFA-93B0-40C3-8CED-BD50DAEF4D2C}.Debug|Any CPU.ActiveCfg = Debug|Any CPU
		{31AD6BFA-93B0-40C3-8CED-BD50DAEF4D2C}.Debug|Any CPU.Build.0 = Debug|Any CPU
		{31AD6BFA-93B0-40C3-8CED-BD50DAEF4D2C}.Release|Any CPU.ActiveCfg = Release|Any CPU
		{31AD6BFA-93B0-40C3-8CED-BD50DAEF4D2C}.Release|Any CPU.Build.0 = Release|Any CPU
		{23437AF5-C4DA-43A5-839C-2C109806A750}.Debug|Any CPU.ActiveCfg = Debug|Any CPU
		{23437AF5-C4DA-43A5-839C-2C109806A750}.Debug|Any CPU.Build.0 = Debug|Any CPU
		{23437AF5-C4DA-43A5-839C-2C109806A750}.Release|Any CPU.ActiveCfg = Release|Any CPU
		{23437AF5-C4DA-43A5-839C-2C109806A750}.Release|Any CPU.Build.0 = Release|Any CPU
		{7684D7FF-C539-4982-9591-362AB060ABE9}.Debug|Any CPU.ActiveCfg = Debug|Any CPU
		{7684D7FF-C539-4982-9591-362AB060ABE9}.Debug|Any CPU.Build.0 = Debug|Any CPU
		{7684D7FF-C539-4982-9591-362AB060ABE9}.Release|Any CPU.ActiveCfg = Release|Any CPU
		{7684D7FF-C539-4982-9591-362AB060ABE9}.Release|Any CPU.Build.0 = Release|Any CPU
	EndGlobalSection
	GlobalSection(SolutionProperties) = preSolution
		HideSolutionNode = FALSE
	EndGlobalSection
	GlobalSection(ExtensibilityGlobals) = postSolution
		SolutionGuid = {91B6CFD0-7835-4EE7-A677-48B85D7C3AB7}
	EndGlobalSection
EndGlobal
